
Microsoft Visual Studio Solution File, Format Version 12.00
# Visual Studio 15
VisualStudioVersion = 15.0.26124.0
MinimumVisualStudioVersion = 15.0.26124.0
Project("{2150E333-8FDC-42A3-9474-1A3956D46DE8}") = "src", "src", "{3CE15AF4-B839-4573-AA4B-BB0BA822E426}"
EndProject
Project("{FAE04EC0-301F-11D3-BF4B-00C04F79EFBC}") = "dupeferret.business", "src\dupeferret.business\dupeferret.business.csproj", "{9FAE1274-0685-418E-B61A-DDE333F57C16}"
EndProject
Project("{2150E333-8FDC-42A3-9474-1A3956D46DE8}") = "tests", "tests", "{4FB6302A-EEAD-4D6A-A296-72171D1656B3}"
EndProject
Project("{FAE04EC0-301F-11D3-BF4B-00C04F79EFBC}") = "dupeferret.business.tests", "tests\dupeferret.business.tests\dupeferret.business.tests.csproj", "{FFB17E14-1FC7-4984-9177-F8000B041395}"
EndProject
Project("{FAE04EC0-301F-11D3-BF4B-00C04F79EFBC}") = "dupeferret", "src\dupeferret\dupeferret.csproj", "{B860EC6A-46E8-49F1-AECD-95BB58464DD2}"
EndProject
Project("{FAE04EC0-301F-11D3-BF4B-00C04F79EFBC}") = "dupeferret.ui", "src\dupeferret.ui\dupeferret.ui.csproj", "{5BC58645-ED43-4983-8F17-5220C0FD2BC2}"
EndProject
Global
	GlobalSection(SolutionConfigurationPlatforms) = preSolution
		Debug|Any CPU = Debug|Any CPU
		Debug|x64 = Debug|x64
		Debug|x86 = Debug|x86
		Release|Any CPU = Release|Any CPU
		Release|x64 = Release|x64
		Release|x86 = Release|x86
	EndGlobalSection
	GlobalSection(ProjectConfigurationPlatforms) = postSolution
		{9FAE1274-0685-418E-B61A-DDE333F57C16}.Debug|Any CPU.ActiveCfg = Debug|Any CPU
		{9FAE1274-0685-418E-B61A-DDE333F57C16}.Debug|Any CPU.Build.0 = Debug|Any CPU
		{9FAE1274-0685-418E-B61A-DDE333F57C16}.Debug|x64.ActiveCfg = Debug|Any CPU
		{9FAE1274-0685-418E-B61A-DDE333F57C16}.Debug|x64.Build.0 = Debug|Any CPU
		{9FAE1274-0685-418E-B61A-DDE333F57C16}.Debug|x86.ActiveCfg = Debug|Any CPU
		{9FAE1274-0685-418E-B61A-DDE333F57C16}.Debug|x86.Build.0 = Debug|Any CPU
		{9FAE1274-0685-418E-B61A-DDE333F57C16}.Release|Any CPU.ActiveCfg = Release|Any CPU
		{9FAE1274-0685-418E-B61A-DDE333F57C16}.Release|Any CPU.Build.0 = Release|Any CPU
		{9FAE1274-0685-418E-B61A-DDE333F57C16}.Release|x64.ActiveCfg = Release|Any CPU
		{9FAE1274-0685-418E-B61A-DDE333F57C16}.Release|x64.Build.0 = Release|Any CPU
		{9FAE1274-0685-418E-B61A-DDE333F57C16}.Release|x86.ActiveCfg = Release|Any CPU
		{9FAE1274-0685-418E-B61A-DDE333F57C16}.Release|x86.Build.0 = Release|Any CPU
		{FFB17E14-1FC7-4984-9177-F8000B041395}.Debug|Any CPU.ActiveCfg = Debug|Any CPU
		{FFB17E14-1FC7-4984-9177-F8000B041395}.Debug|Any CPU.Build.0 = Debug|Any CPU
		{FFB17E14-1FC7-4984-9177-F8000B041395}.Debug|x64.ActiveCfg = Debug|Any CPU
		{FFB17E14-1FC7-4984-9177-F8000B041395}.Debug|x64.Build.0 = Debug|Any CPU
		{FFB17E14-1FC7-4984-9177-F8000B041395}.Debug|x86.ActiveCfg = Debug|Any CPU
		{FFB17E14-1FC7-4984-9177-F8000B041395}.Debug|x86.Build.0 = Debug|Any CPU
		{FFB17E14-1FC7-4984-9177-F8000B041395}.Release|Any CPU.ActiveCfg = Release|Any CPU
		{FFB17E14-1FC7-4984-9177-F8000B041395}.Release|Any CPU.Build.0 = Release|Any CPU
		{FFB17E14-1FC7-4984-9177-F8000B041395}.Release|x64.ActiveCfg = Release|Any CPU
		{FFB17E14-1FC7-4984-9177-F8000B041395}.Release|x64.Build.0 = Release|Any CPU
		{FFB17E14-1FC7-4984-9177-F8000B041395}.Release|x86.ActiveCfg = Release|Any CPU
		{FFB17E14-1FC7-4984-9177-F8000B041395}.Release|x86.Build.0 = Release|Any CPU
		{B860EC6A-46E8-49F1-AECD-95BB58464DD2}.Debug|Any CPU.ActiveCfg = Debug|Any CPU
		{B860EC6A-46E8-49F1-AECD-95BB58464DD2}.Debug|Any CPU.Build.0 = Debug|Any CPU
		{B860EC6A-46E8-49F1-AECD-95BB58464DD2}.Debug|x64.ActiveCfg = Debug|Any CPU
		{B860EC6A-46E8-49F1-AECD-95BB58464DD2}.Debug|x64.Build.0 = Debug|Any CPU
		{B860EC6A-46E8-49F1-AECD-95BB58464DD2}.Debug|x86.ActiveCfg = Debug|Any CPU
		{B860EC6A-46E8-49F1-AECD-95BB58464DD2}.Debug|x86.Build.0 = Debug|Any CPU
		{B860EC6A-46E8-49F1-AECD-95BB58464DD2}.Release|Any CPU.ActiveCfg = Release|Any CPU
		{B860EC6A-46E8-49F1-AECD-95BB58464DD2}.Release|Any CPU.Build.0 = Release|Any CPU
		{B860EC6A-46E8-49F1-AECD-95BB58464DD2}.Release|x64.ActiveCfg = Release|Any CPU
		{B860EC6A-46E8-49F1-AECD-95BB58464DD2}.Release|x64.Build.0 = Release|Any CPU
		{B860EC6A-46E8-49F1-AECD-95BB58464DD2}.Release|x86.ActiveCfg = Release|Any CPU
		{B860EC6A-46E8-49F1-AECD-95BB58464DD2}.Release|x86.Build.0 = Release|Any CPU
		{5BC58645-ED43-4983-8F17-5220C0FD2BC2}.Debug|Any CPU.ActiveCfg = Debug|Any CPU
		{5BC58645-ED43-4983-8F17-5220C0FD2BC2}.Debug|Any CPU.Build.0 = Debug|Any CPU
		{5BC58645-ED43-4983-8F17-5220C0FD2BC2}.Debug|x64.ActiveCfg = Debug|Any CPU
		{5BC58645-ED43-4983-8F17-5220C0FD2BC2}.Debug|x64.Build.0 = Debug|Any CPU
		{5BC58645-ED43-4983-8F17-5220C0FD2BC2}.Debug|x86.ActiveCfg = Debug|Any CPU
		{5BC58645-ED43-4983-8F17-5220C0FD2BC2}.Debug|x86.Build.0 = Debug|Any CPU
		{5BC58645-ED43-4983-8F17-5220C0FD2BC2}.Release|Any CPU.ActiveCfg = Release|Any CPU
		{5BC58645-ED43-4983-8F17-5220C0FD2BC2}.Release|Any CPU.Build.0 = Release|Any CPU
		{5BC58645-ED43-4983-8F17-5220C0FD2BC2}.Release|x64.ActiveCfg = Release|Any CPU
		{5BC58645-ED43-4983-8F17-5220C0FD2BC2}.Release|x64.Build.0 = Release|Any CPU
		{5BC58645-ED43-4983-8F17-5220C0FD2BC2}.Release|x86.ActiveCfg = Release|Any CPU
		{5BC58645-ED43-4983-8F17-5220C0FD2BC2}.Release|x86.Build.0 = Release|Any CPU
	EndGlobalSection
	GlobalSection(SolutionProperties) = preSolution
		HideSolutionNode = FALSE
	EndGlobalSection
	GlobalSection(NestedProjects) = preSolution
		{9FAE1274-0685-418E-B61A-DDE333F57C16} = {3CE15AF4-B839-4573-AA4B-BB0BA822E426}
		{FFB17E14-1FC7-4984-9177-F8000B041395} = {4FB6302A-EEAD-4D6A-A296-72171D1656B3}
		{B860EC6A-46E8-49F1-AECD-95BB58464DD2} = {3CE15AF4-B839-4573-AA4B-BB0BA822E426}
		{5BC58645-ED43-4983-8F17-5220C0FD2BC2} = {3CE15AF4-B839-4573-AA4B-BB0BA822E426}
	EndGlobalSection
EndGlobal
